// !$*UTF8*$!
{
	archiveVersion = 1;
	classes = {
	};
	objectVersion = 56;
	objects = {

/* Begin PBXBuildFile section */
		030FF2D72CE7467E0033C269 /* VLCKitSPM in Frameworks */ = {isa = PBXBuildFile; productRef = 030FF2D62CE7467E0033C269 /* VLCKitSPM */; };
		030FF2DB2CE8E4F40033C269 /* vlcTest.swift in Sources */ = {isa = PBXBuildFile; fileRef = 030FF2DA2CE8E4F40033C269 /* vlcTest.swift */; };
		030FF2DD2CE8E6AE0033C269 /* VLCPlayerView.swift in Sources */ = {isa = PBXBuildFile; fileRef = 030FF2DC2CE8E6AE0033C269 /* VLCPlayerView.swift */; };
		030FF2E12CE982440033C269 /* vlcPlayerController.swift in Sources */ = {isa = PBXBuildFile; fileRef = 030FF2E02CE982440033C269 /* vlcPlayerController.swift */; };
		030FF2E32CE9C38E0033C269 /* VLCView.swift in Sources */ = {isa = PBXBuildFile; fileRef = 030FF2E22CE9C38E0033C269 /* VLCView.swift */; };
		030FF2E52CFA4A370033C269 /* Decipher.swift in Sources */ = {isa = PBXBuildFile; fileRef = 030FF2E42CFA4A370033C269 /* Decipher.swift */; };
		0316559C295AAC6F00B18342 /* PlaceholderStyle.swift in Sources */ = {isa = PBXBuildFile; fileRef = 0316559B295AAC6F00B18342 /* PlaceholderStyle.swift */; };
		0316559E295BAC5C00B18342 /* TableCell.swift in Sources */ = {isa = PBXBuildFile; fileRef = 0316559D295BAC5C00B18342 /* TableCell.swift */; };
		0324413F2A03A21D003C1300 /* Swipe.swift in Sources */ = {isa = PBXBuildFile; fileRef = 0324413E2A03A21D003C1300 /* Swipe.swift */; };
		032DE3E329AEDAC50097C58A /* videoClass.swift in Sources */ = {isa = PBXBuildFile; fileRef = 032DE3E229AEDAC50097C58A /* videoClass.swift */; };
		0330C4E329A1B94000B3E6D3 /* VideoPlayers.swift in Sources */ = {isa = PBXBuildFile; fileRef = 0330C4E229A1B94000B3E6D3 /* VideoPlayers.swift */; };
		0337C0CC2972650D0069899A /* VideoPlay.swift in Sources */ = {isa = PBXBuildFile; fileRef = 0337C0CB2972650D0069899A /* VideoPlay.swift */; };
		033C57F029D2DAC600340988 /* Localizables.strings in Resources */ = {isa = PBXBuildFile; fileRef = 033C57EB29D2DAC600340988 /* Localizables.strings */; };
		033C57F129D2DAC600340988 /* Localizables.strings in Resources */ = {isa = PBXBuildFile; fileRef = 033C57EE29D2DAC600340988 /* Localizables.strings */; };
		033C57F629D31DC400340988 /* GADInterstitialAd.swift in Sources */ = {isa = PBXBuildFile; fileRef = 033C57F529D31DC400340988 /* GADInterstitialAd.swift */; };
		034744362999DFF800F2EBEE /* AudioManager.swift in Sources */ = {isa = PBXBuildFile; fileRef = 034744352999DFF800F2EBEE /* AudioManager.swift */; };
		034EF01B2AFDD4C10085188C /* Localizable.xcstrings in Resources */ = {isa = PBXBuildFile; fileRef = 034EF01A2AFDD4C10085188C /* Localizable.xcstrings */; };
		035657FD29E8286D000227D9 /* ExternalDisplay.swift in Sources */ = {isa = PBXBuildFile; fileRef = 035657FC29E8286D000227D9 /* ExternalDisplay.swift */; };
		0356F76D29A496F40005EE2D /* downloadManager.swift in Sources */ = {isa = PBXBuildFile; fileRef = 0356F76C29A496F40005EE2D /* downloadManager.swift */; };
		035BF63A29DDBDD00010398B /* ArgumentParser in Frameworks */ = {isa = PBXBuildFile; productRef = 035BF63929DDBDD00010398B /* ArgumentParser */; };
		0361D55E2B39CA5C009C2C42 /* ManualView.swift in Sources */ = {isa = PBXBuildFile; fileRef = 0361D55D2B39CA5C009C2C42 /* ManualView.swift */; };
		036658EF2A651ADB001C5BB9 /* NeotubeKaraokeStoreKitConfiguration.storekit in Resources */ = {isa = PBXBuildFile; fileRef = 036658EE2A651ADB001C5BB9 /* NeotubeKaraokeStoreKitConfiguration.storekit */; };
		036658F12A6525E9001C5BB9 /* PurchaseManager.swift in Sources */ = {isa = PBXBuildFile; fileRef = 036658F02A6525E9001C5BB9 /* PurchaseManager.swift */; };
		0369980129D1CCBE00656D28 /* crowd.wav in Resources */ = {isa = PBXBuildFile; fileRef = 0369980029D1CCBE00656D28 /* crowd.wav */; };
		036DDD9C29A9C3A000396B94 /* PlayerViewController.swift in Sources */ = {isa = PBXBuildFile; fileRef = 036DDD9B29A9C3A000396B94 /* PlayerViewController.swift */; };
		036EF0092955559E00789D57 /* Response.swift in Sources */ = {isa = PBXBuildFile; fileRef = 036EF0082955559E00789D57 /* Response.swift */; };
		0379B1AC29E04DCB0044F997 /* YouTubeiOSPlayerHelper in Frameworks */ = {isa = PBXBuildFile; productRef = 0379B1AB29E04DCB0044F997 /* YouTubeiOSPlayerHelper */; settings = {ATTRIBUTES = (Weak, ); }; };
		0379B1AE29E04E480044F997 /* YTWrapper.swift in Sources */ = {isa = PBXBuildFile; fileRef = 0379B1AD29E04E480044F997 /* YTWrapper.swift */; };
		037A998C2A02B0BB00A05065 /* FindingView.swift in Sources */ = {isa = PBXBuildFile; fileRef = 037A998B2A02B0BB00A05065 /* FindingView.swift */; };
		037A998E2A02B0EB00A05065 /* ConnectPeer.swift in Sources */ = {isa = PBXBuildFile; fileRef = 037A998D2A02B0EB00A05065 /* ConnectPeer.swift */; };
		037A99902A02B11600A05065 /* PeerDevice.swift in Sources */ = {isa = PBXBuildFile; fileRef = 037A998F2A02B11600A05065 /* PeerDevice.swift */; };
		037D081829B4780B0069ED88 /* clap.wav in Resources */ = {isa = PBXBuildFile; fileRef = 037D081729B4780B0069ED88 /* clap.wav */; };
		037D081A29B580290069ED88 /* DragVideo.swift in Sources */ = {isa = PBXBuildFile; fileRef = 037D081929B580290069ED88 /* DragVideo.swift */; };
		037D081C29B5861B0069ED88 /* DragVidProgress.swift in Sources */ = {isa = PBXBuildFile; fileRef = 037D081B29B5861B0069ED88 /* DragVidProgress.swift */; };
		037D081E29B5D18A0069ED88 /* SettingView.swift in Sources */ = {isa = PBXBuildFile; fileRef = 037D081D29B5D18A0069ED88 /* SettingView.swift */; };
		037D082029B719BC0069ED88 /* me.PNG in Resources */ = {isa = PBXBuildFile; fileRef = 037D081F29B719BC0069ED88 /* me.PNG */; };
		037D082229B724E60069ED88 /* PlayListView.swift in Sources */ = {isa = PBXBuildFile; fileRef = 037D082129B724E50069ED88 /* PlayListView.swift */; };
		037DC47D2AD50EAC008D7281 /* yt_main.swift in Sources */ = {isa = PBXBuildFile; fileRef = 037DC47C2AD50EAC008D7281 /* yt_main.swift */; };
		037DC47F2AD5107F008D7281 /* quary.swift in Sources */ = {isa = PBXBuildFile; fileRef = 037DC47E2AD5107F008D7281 /* quary.swift */; };
		037DC4812AD511A8008D7281 /* Extract.swift in Sources */ = {isa = PBXBuildFile; fileRef = 037DC4802AD511A8008D7281 /* Extract.swift */; };
		037DC4832AD52420008D7281 /* Parse.swift in Sources */ = {isa = PBXBuildFile; fileRef = 037DC4822AD52420008D7281 /* Parse.swift */; };
		037DC4852AD841B6008D7281 /* fortestView.swift in Sources */ = {isa = PBXBuildFile; fileRef = 037DC4842AD841B6008D7281 /* fortestView.swift */; };
		037DC4872AD8F410008D7281 /* InnerTube.swift in Sources */ = {isa = PBXBuildFile; fileRef = 037DC4862AD8F410008D7281 /* InnerTube.swift */; };
		037DC4892AD92D5C008D7281 /* default_clients_response.swift in Sources */ = {isa = PBXBuildFile; fileRef = 037DC4882AD92D5C008D7281 /* default_clients_response.swift */; };
		0383C97229E3EAE800A625EC /* GetPopurlarChart.swift in Sources */ = {isa = PBXBuildFile; fileRef = 0383C97129E3EAE800A625EC /* GetPopurlarChart.swift */; };
		0383C97529E3F39800A625EC /* SwiftSoup in Frameworks */ = {isa = PBXBuildFile; productRef = 0383C97429E3F39800A625EC /* SwiftSoup */; };
		0383C97829E6662F00A625EC /* ScoreWavedata.swift in Sources */ = {isa = PBXBuildFile; fileRef = 0383C97729E6662F00A625EC /* ScoreWavedata.swift */; };
		03888F1A2BCBDB4900D73986 /* YTQuerySuggest.swift in Sources */ = {isa = PBXBuildFile; fileRef = 03888F192BCBDB4900D73986 /* YTQuerySuggest.swift */; };
		038B76E229EC09290016522A /* SceneDelegate.swift in Sources */ = {isa = PBXBuildFile; fileRef = 038B76E129EC09290016522A /* SceneDelegate.swift */; };
		038B76E429EC0AAC0016522A /* EnvPlayer.swift in Sources */ = {isa = PBXBuildFile; fileRef = 038B76E329EC0AAC0016522A /* EnvPlayer.swift */; };
		038B76E629EFE5150016522A /* TopChart.swift in Sources */ = {isa = PBXBuildFile; fileRef = 038B76E529EFE5150016522A /* TopChart.swift */; };
		03962DD2291F781400A376F3 /* NeotubeKaraokeApp.swift in Sources */ = {isa = PBXBuildFile; fileRef = 03962DD1291F781400A376F3 /* NeotubeKaraokeApp.swift */; };
		03962DD6291F781500A376F3 /* Assets.xcassets in Resources */ = {isa = PBXBuildFile; fileRef = 03962DD5291F781500A376F3 /* Assets.xcassets */; };
		03962DD9291F781500A376F3 /* Preview Assets.xcassets in Resources */ = {isa = PBXBuildFile; fileRef = 03962DD8291F781500A376F3 /* Preview Assets.xcassets */; };
		03962DDB291F781500A376F3 /* Persistence.swift in Sources */ = {isa = PBXBuildFile; fileRef = 03962DDA291F781500A376F3 /* Persistence.swift */; };
		03962DDE291F781500A376F3 /* NeotubeKaraoke.xcdatamodeld in Sources */ = {isa = PBXBuildFile; fileRef = 03962DDC291F781500A376F3 /* NeotubeKaraoke.xcdatamodeld */; };
		03962DEE2921C80500A376F3 /* ContentView.swift in Sources */ = {isa = PBXBuildFile; fileRef = 03962DED2921C80500A376F3 /* ContentView.swift */; };
		03962DF029230D7D00A376F3 /* searcher.swift in Sources */ = {isa = PBXBuildFile; fileRef = 03962DEF29230D7C00A376F3 /* searcher.swift */; };
		0397116029D9D38E005ADE0E /* HTMLParser.swift in Sources */ = {isa = PBXBuildFile; fileRef = 0397115F29D9D38E005ADE0E /* HTMLParser.swift */; };
		03A0A1C92A1481A8000C5159 /* GoogleService-Info.plist in Resources */ = {isa = PBXBuildFile; fileRef = 03A0A1C82A1481A8000C5159 /* GoogleService-Info.plist */; };
		03AEE50229D5163C001B66E3 /* MyWebView.swift in Sources */ = {isa = PBXBuildFile; fileRef = 03AEE50129D5163C001B66E3 /* MyWebView.swift */; };
		03B17CB12A71FF7B00FA7AAF /* MakeRefund.swift in Sources */ = {isa = PBXBuildFile; fileRef = 03B17CB02A71FF7B00FA7AAF /* MakeRefund.swift */; };
		03C9B62F2A07987600BCA61A /* Pop.swift in Sources */ = {isa = PBXBuildFile; fileRef = 03C9B62E2A07987600BCA61A /* Pop.swift */; };
		03CA4C8B29BDD13800507E26 /* ListView.swift in Sources */ = {isa = PBXBuildFile; fileRef = 03CA4C8A29BDD13800507E26 /* ListView.swift */; };
		03CCE1912BAD8C3100BAF2B0 /* PrivacyInfo.xcprivacy in Resources */ = {isa = PBXBuildFile; fileRef = 03CCE1902BAD8C3100BAF2B0 /* PrivacyInfo.xcprivacy */; };
		03D22C6929A1E53C001D8B24 /* YoutubeDL.swift in Sources */ = {isa = PBXBuildFile; fileRef = 03D22C6829A1E53C001D8B24 /* YoutubeDL.swift */; };
		03D77A2D2935D2290037061E /* Constant.swift in Sources */ = {isa = PBXBuildFile; fileRef = 03D77A2C2935D2290037061E /* Constant.swift */; };
		03D77A2F2935D4E80037061E /* Video.swift in Sources */ = {isa = PBXBuildFile; fileRef = 03D77A2E2935D4E80037061E /* Video.swift */; };
		03E30DFC2B388C64003EBC6B /* HapticManager.swift in Sources */ = {isa = PBXBuildFile; fileRef = 03E30DFB2B388C64003EBC6B /* HapticManager.swift */; };
		03E399DE2B3D9E4A005879FB /* InfoPlist.xcstrings in Resources */ = {isa = PBXBuildFile; fileRef = 03E399DD2B3D9E4A005879FB /* InfoPlist.xcstrings */; };
		03F36CC12963DE61001AEB7A /* Models.swift in Sources */ = {isa = PBXBuildFile; fileRef = 03F36CC02963DE61001AEB7A /* Models.swift */; };
		03F9189B2A71ED0D003115A1 /* StoreKit.framework in Frameworks */ = {isa = PBXBuildFile; fileRef = 03F9189A2A71ED0D003115A1 /* StoreKit.framework */; };
		17AF03C11E07A6832C3ACFD3 /* Pods_NeotubeKaraoke.framework in Frameworks */ = {isa = PBXBuildFile; fileRef = 7DE89BAF0DF7E389A8CEFD15 /* Pods_NeotubeKaraoke.framework */; };
/* End PBXBuildFile section */

/* Begin PBXFileReference section */
		030FF2DA2CE8E4F40033C269 /* vlcTest.swift */ = {isa = PBXFileReference; lastKnownFileType = sourcecode.swift; path = vlcTest.swift; sourceTree = "<group>"; };
		030FF2DC2CE8E6AE0033C269 /* VLCPlayerView.swift */ = {isa = PBXFileReference; lastKnownFileType = sourcecode.swift; path = VLCPlayerView.swift; sourceTree = "<group>"; };
		030FF2E02CE982440033C269 /* vlcPlayerController.swift */ = {isa = PBXFileReference; lastKnownFileType = sourcecode.swift; path = vlcPlayerController.swift; sourceTree = "<group>"; };
		030FF2E22CE9C38E0033C269 /* VLCView.swift */ = {isa = PBXFileReference; lastKnownFileType = sourcecode.swift; path = VLCView.swift; sourceTree = "<group>"; };
		030FF2E42CFA4A370033C269 /* Decipher.swift */ = {isa = PBXFileReference; lastKnownFileType = sourcecode.swift; path = Decipher.swift; sourceTree = "<group>"; };
		0316559B295AAC6F00B18342 /* PlaceholderStyle.swift */ = {isa = PBXFileReference; lastKnownFileType = sourcecode.swift; path = PlaceholderStyle.swift; sourceTree = "<group>"; };
		0316559D295BAC5C00B18342 /* TableCell.swift */ = {isa = PBXFileReference; lastKnownFileType = sourcecode.swift; path = TableCell.swift; sourceTree = "<group>"; };
		0324413E2A03A21D003C1300 /* Swipe.swift */ = {isa = PBXFileReference; lastKnownFileType = sourcecode.swift; path = Swipe.swift; sourceTree = "<group>"; };
		032DE3E229AEDAC50097C58A /* videoClass.swift */ = {isa = PBXFileReference; lastKnownFileType = sourcecode.swift; path = videoClass.swift; sourceTree = "<group>"; };
		0330C4E229A1B94000B3E6D3 /* VideoPlayers.swift */ = {isa = PBXFileReference; fileEncoding = 4; lastKnownFileType = sourcecode.swift; path = VideoPlayers.swift; sourceTree = "<group>"; };
		0337C0CB2972650D0069899A /* VideoPlay.swift */ = {isa = PBXFileReference; lastKnownFileType = sourcecode.swift; path = VideoPlay.swift; sourceTree = "<group>"; };
		033C57F529D31DC400340988 /* GADInterstitialAd.swift */ = {isa = PBXFileReference; lastKnownFileType = sourcecode.swift; path = GADInterstitialAd.swift; sourceTree = "<group>"; };
		034744352999DFF800F2EBEE /* AudioManager.swift */ = {isa = PBXFileReference; lastKnownFileType = sourcecode.swift; path = AudioManager.swift; sourceTree = "<group>"; };
		034EF01A2AFDD4C10085188C /* Localizable.xcstrings */ = {isa = PBXFileReference; lastKnownFileType = text.json.xcstrings; path = Localizable.xcstrings; sourceTree = "<group>"; };
		034EF0202AFDF0D10085188C /* ko */ = {isa = PBXFileReference; lastKnownFileType = text.plist.strings; name = ko; path = ../ko.lproj/Localizables.strings; sourceTree = "<group>"; };
		034EF0212AFDF0D10085188C /* en */ = {isa = PBXFileReference; lastKnownFileType = text.plist.strings; name = en; path = ../en.lproj/Localizables.strings; sourceTree = "<group>"; };
		035657FC29E8286D000227D9 /* ExternalDisplay.swift */ = {isa = PBXFileReference; lastKnownFileType = sourcecode.swift; path = ExternalDisplay.swift; sourceTree = "<group>"; };
		0356F76C29A496F40005EE2D /* downloadManager.swift */ = {isa = PBXFileReference; lastKnownFileType = sourcecode.swift; path = downloadManager.swift; sourceTree = "<group>"; };
		0361D55D2B39CA5C009C2C42 /* ManualView.swift */ = {isa = PBXFileReference; lastKnownFileType = sourcecode.swift; path = ManualView.swift; sourceTree = "<group>"; };
		036658EE2A651ADB001C5BB9 /* NeotubeKaraokeStoreKitConfiguration.storekit */ = {isa = PBXFileReference; lastKnownFileType = text; name = NeotubeKaraokeStoreKitConfiguration.storekit; path = NeotubeKaraoke/NeotubeKaraokeStoreKitConfiguration.storekit; sourceTree = "<group>"; };
		036658F02A6525E9001C5BB9 /* PurchaseManager.swift */ = {isa = PBXFileReference; lastKnownFileType = sourcecode.swift; path = PurchaseManager.swift; sourceTree = "<group>"; };
		0369980029D1CCBE00656D28 /* crowd.wav */ = {isa = PBXFileReference; lastKnownFileType = audio.wav; path = crowd.wav; sourceTree = "<group>"; };
		036DDD9B29A9C3A000396B94 /* PlayerViewController.swift */ = {isa = PBXFileReference; lastKnownFileType = sourcecode.swift; path = PlayerViewController.swift; sourceTree = "<group>"; };
		036EF0082955559E00789D57 /* Response.swift */ = {isa = PBXFileReference; lastKnownFileType = sourcecode.swift; path = Response.swift; sourceTree = "<group>"; };
		0379B1AD29E04E480044F997 /* YTWrapper.swift */ = {isa = PBXFileReference; lastKnownFileType = sourcecode.swift; path = YTWrapper.swift; sourceTree = "<group>"; };
		037A998B2A02B0BB00A05065 /* FindingView.swift */ = {isa = PBXFileReference; lastKnownFileType = sourcecode.swift; path = FindingView.swift; sourceTree = "<group>"; };
		037A998D2A02B0EB00A05065 /* ConnectPeer.swift */ = {isa = PBXFileReference; lastKnownFileType = sourcecode.swift; path = ConnectPeer.swift; sourceTree = "<group>"; };
		037A998F2A02B11600A05065 /* PeerDevice.swift */ = {isa = PBXFileReference; lastKnownFileType = sourcecode.swift; path = PeerDevice.swift; sourceTree = "<group>"; };
		037D081729B4780B0069ED88 /* clap.wav */ = {isa = PBXFileReference; lastKnownFileType = audio.wav; path = clap.wav; sourceTree = "<group>"; };
		037D081929B580290069ED88 /* DragVideo.swift */ = {isa = PBXFileReference; lastKnownFileType = sourcecode.swift; path = DragVideo.swift; sourceTree = "<group>"; };
		037D081B29B5861B0069ED88 /* DragVidProgress.swift */ = {isa = PBXFileReference; lastKnownFileType = sourcecode.swift; path = DragVidProgress.swift; sourceTree = "<group>"; };
		037D081D29B5D18A0069ED88 /* SettingView.swift */ = {isa = PBXFileReference; lastKnownFileType = sourcecode.swift; path = SettingView.swift; sourceTree = "<group>"; };
		037D081F29B719BC0069ED88 /* me.PNG */ = {isa = PBXFileReference; lastKnownFileType = image.png; path = me.PNG; sourceTree = "<group>"; };
		037D082129B724E50069ED88 /* PlayListView.swift */ = {isa = PBXFileReference; lastKnownFileType = sourcecode.swift; path = PlayListView.swift; sourceTree = "<group>"; };
		037DC47C2AD50EAC008D7281 /* yt_main.swift */ = {isa = PBXFileReference; lastKnownFileType = sourcecode.swift; path = yt_main.swift; sourceTree = "<group>"; };
		037DC47E2AD5107F008D7281 /* quary.swift */ = {isa = PBXFileReference; lastKnownFileType = sourcecode.swift; path = quary.swift; sourceTree = "<group>"; };
		037DC4802AD511A8008D7281 /* Extract.swift */ = {isa = PBXFileReference; lastKnownFileType = sourcecode.swift; path = Extract.swift; sourceTree = "<group>"; };
		037DC4822AD52420008D7281 /* Parse.swift */ = {isa = PBXFileReference; lastKnownFileType = sourcecode.swift; path = Parse.swift; sourceTree = "<group>"; };
		037DC4842AD841B6008D7281 /* fortestView.swift */ = {isa = PBXFileReference; lastKnownFileType = sourcecode.swift; path = fortestView.swift; sourceTree = "<group>"; };
		037DC4862AD8F410008D7281 /* InnerTube.swift */ = {isa = PBXFileReference; lastKnownFileType = sourcecode.swift; path = InnerTube.swift; sourceTree = "<group>"; };
		037DC4882AD92D5C008D7281 /* default_clients_response.swift */ = {isa = PBXFileReference; lastKnownFileType = sourcecode.swift; path = default_clients_response.swift; sourceTree = "<group>"; };
		0383C97129E3EAE800A625EC /* GetPopurlarChart.swift */ = {isa = PBXFileReference; lastKnownFileType = sourcecode.swift; path = GetPopurlarChart.swift; sourceTree = "<group>"; };
		0383C97729E6662F00A625EC /* ScoreWavedata.swift */ = {isa = PBXFileReference; lastKnownFileType = sourcecode.swift; path = ScoreWavedata.swift; sourceTree = "<group>"; };
		03888F192BCBDB4900D73986 /* YTQuerySuggest.swift */ = {isa = PBXFileReference; lastKnownFileType = sourcecode.swift; path = YTQuerySuggest.swift; sourceTree = "<group>"; };
		038B76E129EC09290016522A /* SceneDelegate.swift */ = {isa = PBXFileReference; lastKnownFileType = sourcecode.swift; path = SceneDelegate.swift; sourceTree = "<group>"; };
		038B76E329EC0AAC0016522A /* EnvPlayer.swift */ = {isa = PBXFileReference; lastKnownFileType = sourcecode.swift; path = EnvPlayer.swift; sourceTree = "<group>"; };
		038B76E529EFE5150016522A /* TopChart.swift */ = {isa = PBXFileReference; lastKnownFileType = sourcecode.swift; path = TopChart.swift; sourceTree = "<group>"; };
		03962DCE291F781400A376F3 /* NeotubeKaraoke.app */ = {isa = PBXFileReference; explicitFileType = wrapper.application; includeInIndex = 0; path = NeotubeKaraoke.app; sourceTree = BUILT_PRODUCTS_DIR; };
		03962DD1291F781400A376F3 /* NeotubeKaraokeApp.swift */ = {isa = PBXFileReference; lastKnownFileType = sourcecode.swift; path = NeotubeKaraokeApp.swift; sourceTree = "<group>"; };
		03962DD5291F781500A376F3 /* Assets.xcassets */ = {isa = PBXFileReference; lastKnownFileType = folder.assetcatalog; path = Assets.xcassets; sourceTree = "<group>"; };
		03962DD8291F781500A376F3 /* Preview Assets.xcassets */ = {isa = PBXFileReference; lastKnownFileType = folder.assetcatalog; path = "Preview Assets.xcassets"; sourceTree = "<group>"; };
		03962DDA291F781500A376F3 /* Persistence.swift */ = {isa = PBXFileReference; lastKnownFileType = sourcecode.swift; path = Persistence.swift; sourceTree = "<group>"; };
		03962DDD291F781500A376F3 /* NeotubeKaraoke.xcdatamodel */ = {isa = PBXFileReference; lastKnownFileType = wrapper.xcdatamodel; path = NeotubeKaraoke.xcdatamodel; sourceTree = "<group>"; };
		03962DDF291F781500A376F3 /* Info.plist */ = {isa = PBXFileReference; lastKnownFileType = text.plist.xml; path = Info.plist; sourceTree = "<group>"; };
		03962DED2921C80500A376F3 /* ContentView.swift */ = {isa = PBXFileReference; lastKnownFileType = sourcecode.swift; path = ContentView.swift; sourceTree = "<group>"; };
		03962DEF29230D7C00A376F3 /* searcher.swift */ = {isa = PBXFileReference; lastKnownFileType = sourcecode.swift; path = searcher.swift; sourceTree = "<group>"; };
		0397115F29D9D38E005ADE0E /* HTMLParser.swift */ = {isa = PBXFileReference; lastKnownFileType = sourcecode.swift; path = HTMLParser.swift; sourceTree = "<group>"; };
		03A0A1C82A1481A8000C5159 /* GoogleService-Info.plist */ = {isa = PBXFileReference; fileEncoding = 4; lastKnownFileType = text.plist.xml; path = "GoogleService-Info.plist"; sourceTree = "<group>"; };
		03AEE50129D5163C001B66E3 /* MyWebView.swift */ = {isa = PBXFileReference; fileEncoding = 4; lastKnownFileType = sourcecode.swift; path = MyWebView.swift; sourceTree = "<group>"; };
		03B17CB02A71FF7B00FA7AAF /* MakeRefund.swift */ = {isa = PBXFileReference; lastKnownFileType = sourcecode.swift; path = MakeRefund.swift; sourceTree = "<group>"; };
		03C9B62E2A07987600BCA61A /* Pop.swift */ = {isa = PBXFileReference; lastKnownFileType = sourcecode.swift; path = Pop.swift; sourceTree = "<group>"; };
		03CA4C8A29BDD13800507E26 /* ListView.swift */ = {isa = PBXFileReference; lastKnownFileType = sourcecode.swift; path = ListView.swift; sourceTree = "<group>"; };
		03CCE1902BAD8C3100BAF2B0 /* PrivacyInfo.xcprivacy */ = {isa = PBXFileReference; lastKnownFileType = text.xml; path = PrivacyInfo.xcprivacy; sourceTree = "<group>"; };
		03D22C6829A1E53C001D8B24 /* YoutubeDL.swift */ = {isa = PBXFileReference; fileEncoding = 4; lastKnownFileType = sourcecode.swift; path = YoutubeDL.swift; sourceTree = "<group>"; };
		03D77A2C2935D2290037061E /* Constant.swift */ = {isa = PBXFileReference; lastKnownFileType = sourcecode.swift; path = Constant.swift; sourceTree = "<group>"; };
		03D77A2E2935D4E80037061E /* Video.swift */ = {isa = PBXFileReference; lastKnownFileType = sourcecode.swift; path = Video.swift; sourceTree = "<group>"; };
		03E30DFB2B388C64003EBC6B /* HapticManager.swift */ = {isa = PBXFileReference; lastKnownFileType = sourcecode.swift; path = HapticManager.swift; sourceTree = "<group>"; };
		03E399DD2B3D9E4A005879FB /* InfoPlist.xcstrings */ = {isa = PBXFileReference; lastKnownFileType = text.json.xcstrings; path = InfoPlist.xcstrings; sourceTree = "<group>"; };
		03F36CC02963DE61001AEB7A /* Models.swift */ = {isa = PBXFileReference; lastKnownFileType = sourcecode.swift; path = Models.swift; sourceTree = "<group>"; };
		03F9189A2A71ED0D003115A1 /* StoreKit.framework */ = {isa = PBXFileReference; lastKnownFileType = wrapper.framework; name = StoreKit.framework; path = System/Library/Frameworks/StoreKit.framework; sourceTree = SDKROOT; };
		33DD4112FD9FB9295E643CD6 /* Pods-NeotubeKaraoke.release.xcconfig */ = {isa = PBXFileReference; includeInIndex = 1; lastKnownFileType = text.xcconfig; name = "Pods-NeotubeKaraoke.release.xcconfig"; path = "Target Support Files/Pods-NeotubeKaraoke/Pods-NeotubeKaraoke.release.xcconfig"; sourceTree = "<group>"; };
		51DAB10F11134AAEEB85A799 /* Pods-NeotubeKaraoke.debug.xcconfig */ = {isa = PBXFileReference; includeInIndex = 1; lastKnownFileType = text.xcconfig; name = "Pods-NeotubeKaraoke.debug.xcconfig"; path = "Target Support Files/Pods-NeotubeKaraoke/Pods-NeotubeKaraoke.debug.xcconfig"; sourceTree = "<group>"; };
		7DE89BAF0DF7E389A8CEFD15 /* Pods_NeotubeKaraoke.framework */ = {isa = PBXFileReference; explicitFileType = wrapper.framework; includeInIndex = 0; path = Pods_NeotubeKaraoke.framework; sourceTree = BUILT_PRODUCTS_DIR; };
/* End PBXFileReference section */

/* Begin PBXFrameworksBuildPhase section */
		03962DCB291F781400A376F3 /* Frameworks */ = {
			isa = PBXFrameworksBuildPhase;
			buildActionMask = 2147483647;
			files = (
				030FF2D72CE7467E0033C269 /* VLCKitSPM in Frameworks */,
				17AF03C11E07A6832C3ACFD3 /* Pods_NeotubeKaraoke.framework in Frameworks */,
				035BF63A29DDBDD00010398B /* ArgumentParser in Frameworks */,
				0379B1AC29E04DCB0044F997 /* YouTubeiOSPlayerHelper in Frameworks */,
				0383C97529E3F39800A625EC /* SwiftSoup in Frameworks */,
				03F9189B2A71ED0D003115A1 /* StoreKit.framework in Frameworks */,
			);
			runOnlyForDeploymentPostprocessing = 0;
		};
/* End PBXFrameworksBuildPhase section */

/* Begin PBXGroup section */
		033C57EA29D2DAC600340988 /* ko.lproj */ = {
			isa = PBXGroup;
			children = (
				033C57EB29D2DAC600340988 /* Localizables.strings */,
			);
			path = ko.lproj;
			sourceTree = "<group>";
		};
		033C57ED29D2DAC600340988 /* en.lproj */ = {
			isa = PBXGroup;
			children = (
				033C57EE29D2DAC600340988 /* Localizables.strings */,
			);
			path = en.lproj;
			sourceTree = "<group>";
		};
		034744372999E16F00F2EBEE /* Frameworks */ = {
			isa = PBXGroup;
			children = (
				03F9189A2A71ED0D003115A1 /* StoreKit.framework */,
				7DE89BAF0DF7E389A8CEFD15 /* Pods_NeotubeKaraoke.framework */,
			);
			name = Frameworks;
			sourceTree = "<group>";
		};
		037A99912A02B18500A05065 /* Peers */ = {
			isa = PBXGroup;
			children = (
				037A998D2A02B0EB00A05065 /* ConnectPeer.swift */,
				0324413E2A03A21D003C1300 /* Swipe.swift */,
				037A998F2A02B11600A05065 /* PeerDevice.swift */,
			);
			path = Peers;
			sourceTree = "<group>";
		};
		037C4D9A298B42FE007B6DF3 /* learn */ = {
			isa = PBXGroup;
			children = (
				03AEE50129D5163C001B66E3 /* MyWebView.swift */,
				037D081729B4780B0069ED88 /* clap.wav */,
				0369980029D1CCBE00656D28 /* crowd.wav */,
				037D081F29B719BC0069ED88 /* me.PNG */,
			);
			path = learn;
			sourceTree = "<group>";
		};
		037DC47B2AD50E61008D7281 /* get_Vides */ = {
			isa = PBXGroup;
			children = (
				037DC47C2AD50EAC008D7281 /* yt_main.swift */,
				037DC4862AD8F410008D7281 /* InnerTube.swift */,
				037DC47E2AD5107F008D7281 /* quary.swift */,
				037DC4802AD511A8008D7281 /* Extract.swift */,
				030FF2E42CFA4A370033C269 /* Decipher.swift */,
				037DC4822AD52420008D7281 /* Parse.swift */,
				037DC4882AD92D5C008D7281 /* default_clients_response.swift */,
			);
			path = get_Vides;
			sourceTree = "<group>";
		};
		0383C97629E665E300A625EC /* playlist */ = {
			isa = PBXGroup;
			children = (
				03CA4C8A29BDD13800507E26 /* ListView.swift */,
				0383C97129E3EAE800A625EC /* GetPopurlarChart.swift */,
			);
			path = playlist;
			sourceTree = "<group>";
		};
		038B76E729F0114C0016522A /* External Display */ = {
			isa = PBXGroup;
			children = (
				035657FC29E8286D000227D9 /* ExternalDisplay.swift */,
				038B76E129EC09290016522A /* SceneDelegate.swift */,
				038B76E329EC0AAC0016522A /* EnvPlayer.swift */,
			);
			path = "External Display";
			sourceTree = "<group>";
		};
		038B76E829F0116C0016522A /* Etc */ = {
			isa = PBXGroup;
			children = (
				0356F76C29A496F40005EE2D /* downloadManager.swift */,
				0383C97729E6662F00A625EC /* ScoreWavedata.swift */,
				033C57F529D31DC400340988 /* GADInterstitialAd.swift */,
				03C9B62E2A07987600BCA61A /* Pop.swift */,
			);
			path = Etc;
			sourceTree = "<group>";
		};
		03962DC5291F781400A376F3 = {
			isa = PBXGroup;
			children = (
				036658EE2A651ADB001C5BB9 /* NeotubeKaraokeStoreKitConfiguration.storekit */,
				03962DD0291F781400A376F3 /* NeotubeKaraoke */,
				03962DCF291F781400A376F3 /* Products */,
				034744372999E16F00F2EBEE /* Frameworks */,
				DD1F4795FDC3D60A2CEE69B8 /* Pods */,
			);
			sourceTree = "<group>";
		};
		03962DCF291F781400A376F3 /* Products */ = {
			isa = PBXGroup;
			children = (
				03962DCE291F781400A376F3 /* NeotubeKaraoke.app */,
			);
			name = Products;
			sourceTree = "<group>";
		};
		03962DD0291F781400A376F3 /* NeotubeKaraoke */ = {
			isa = PBXGroup;
			children = (
				03962DD1291F781400A376F3 /* NeotubeKaraokeApp.swift */,
				03962DD5291F781500A376F3 /* Assets.xcassets */,
				03962DDA291F781500A376F3 /* Persistence.swift */,
				03962DDF291F781500A376F3 /* Info.plist */,
				03E399DD2B3D9E4A005879FB /* InfoPlist.xcstrings */,
				03962DDC291F781500A376F3 /* NeotubeKaraoke.xcdatamodeld */,
				03962DD7291F781500A376F3 /* Preview Content */,
				03962DED2921C80500A376F3 /* ContentView.swift */,
				03CCE1902BAD8C3100BAF2B0 /* PrivacyInfo.xcprivacy */,
				037D082129B724E50069ED88 /* PlayListView.swift */,
				038B76E529EFE5150016522A /* TopChart.swift */,
				03962DEF29230D7C00A376F3 /* searcher.swift */,
				0337C0CB2972650D0069899A /* VideoPlay.swift */,
				030FF2DA2CE8E4F40033C269 /* vlcTest.swift */,
				037A998B2A02B0BB00A05065 /* FindingView.swift */,
				0361D55D2B39CA5C009C2C42 /* ManualView.swift */,
				037D081D29B5D18A0069ED88 /* SettingView.swift */,
				034EF01A2AFDD4C10085188C /* Localizable.xcstrings */,
				036658F02A6525E9001C5BB9 /* PurchaseManager.swift */,
				03B17CB02A71FF7B00FA7AAF /* MakeRefund.swift */,
				037DC4842AD841B6008D7281 /* fortestView.swift */,
				03888F192BCBDB4900D73986 /* YTQuerySuggest.swift */,
				03A0A1C82A1481A8000C5159 /* GoogleService-Info.plist */,
				037DC47B2AD50E61008D7281 /* get_Vides */,
				037A99912A02B18500A05065 /* Peers */,
				038B76E729F0114C0016522A /* External Display */,
				0383C97629E665E300A625EC /* playlist */,
				0397115E29D9D374005ADE0E /* YTSearch */,
				033C57ED29D2DAC600340988 /* en.lproj */,
				033C57EA29D2DAC600340988 /* ko.lproj */,
				03F6F2B529AE18E700A4F9DE /* videoPlayerGroup */,
				03F6F2B629AE191F00A4F9DE /* youtubeApiData */,
				037C4D9A298B42FE007B6DF3 /* learn */,
				038B76E829F0116C0016522A /* Etc */,
			);
			path = NeotubeKaraoke;
			sourceTree = "<group>";
		};
		03962DD7291F781500A376F3 /* Preview Content */ = {
			isa = PBXGroup;
			children = (
				03962DD8291F781500A376F3 /* Preview Assets.xcassets */,
			);
			path = "Preview Content";
			sourceTree = "<group>";
		};
		0397115E29D9D374005ADE0E /* YTSearch */ = {
			isa = PBXGroup;
			children = (
				0397115F29D9D38E005ADE0E /* HTMLParser.swift */,
			);
			path = YTSearch;
			sourceTree = "<group>";
		};
		03F6F2B529AE18E700A4F9DE /* videoPlayerGroup */ = {
			isa = PBXGroup;
			children = (
				03E30DFB2B388C64003EBC6B /* HapticManager.swift */,
				0330C4E229A1B94000B3E6D3 /* VideoPlayers.swift */,
				030FF2E02CE982440033C269 /* vlcPlayerController.swift */,
				030FF2E22CE9C38E0033C269 /* VLCView.swift */,
				030FF2DC2CE8E6AE0033C269 /* VLCPlayerView.swift */,
				036DDD9B29A9C3A000396B94 /* PlayerViewController.swift */,
				034744352999DFF800F2EBEE /* AudioManager.swift */,
				03D22C6829A1E53C001D8B24 /* YoutubeDL.swift */,
				032DE3E229AEDAC50097C58A /* videoClass.swift */,
				037D081929B580290069ED88 /* DragVideo.swift */,
				037D081B29B5861B0069ED88 /* DragVidProgress.swift */,
			);
			path = videoPlayerGroup;
			sourceTree = "<group>";
		};
		03F6F2B629AE191F00A4F9DE /* youtubeApiData */ = {
			isa = PBXGroup;
			children = (
				0316559B295AAC6F00B18342 /* PlaceholderStyle.swift */,
				03F36CC02963DE61001AEB7A /* Models.swift */,
				03D77A2C2935D2290037061E /* Constant.swift */,
				0316559D295BAC5C00B18342 /* TableCell.swift */,
				03D77A2E2935D4E80037061E /* Video.swift */,
				036EF0082955559E00789D57 /* Response.swift */,
				0379B1AD29E04E480044F997 /* YTWrapper.swift */,
			);
			path = youtubeApiData;
			sourceTree = "<group>";
		};
		DD1F4795FDC3D60A2CEE69B8 /* Pods */ = {
			isa = PBXGroup;
			children = (
				51DAB10F11134AAEEB85A799 /* Pods-NeotubeKaraoke.debug.xcconfig */,
				33DD4112FD9FB9295E643CD6 /* Pods-NeotubeKaraoke.release.xcconfig */,
			);
			path = Pods;
			sourceTree = "<group>";
		};
/* End PBXGroup section */

/* Begin PBXNativeTarget section */
		03962DCD291F781400A376F3 /* NeotubeKaraoke */ = {
			isa = PBXNativeTarget;
			buildConfigurationList = 03962DE2291F781500A376F3 /* Build configuration list for PBXNativeTarget "NeotubeKaraoke" */;
			buildPhases = (
				A1F646EB915FDC48A5DC3035 /* [CP] Check Pods Manifest.lock */,
				03962DCA291F781400A376F3 /* Sources */,
				03962DCB291F781400A376F3 /* Frameworks */,
				03962DCC291F781400A376F3 /* Resources */,
				9EF188EF012C82BDC07782F5 /* [CP] Embed Pods Frameworks */,
			);
			buildRules = (
			);
			dependencies = (
			);
			name = NeotubeKaraoke;
			packageProductDependencies = (
				035BF63929DDBDD00010398B /* ArgumentParser */,
				0379B1AB29E04DCB0044F997 /* YouTubeiOSPlayerHelper */,
				0383C97429E3F39800A625EC /* SwiftSoup */,
				030FF2D62CE7467E0033C269 /* VLCKitSPM */,
			);
			productName = NeotubeKaraoke;
			productReference = 03962DCE291F781400A376F3 /* NeotubeKaraoke.app */;
			productType = "com.apple.product-type.application";
		};
/* End PBXNativeTarget section */

/* Begin PBXProject section */
		03962DC6291F781400A376F3 /* Project object */ = {
			isa = PBXProject;
			attributes = {
				BuildIndependentTargetsInParallel = 1;
				LastSwiftUpdateCheck = 1410;
				LastUpgradeCheck = 1410;
				TargetAttributes = {
					03962DCD291F781400A376F3 = {
						CreatedOnToolsVersion = 14.1;
					};
				};
			};
			buildConfigurationList = 03962DC9291F781400A376F3 /* Build configuration list for PBXProject "NeotubeKaraoke" */;
			compatibilityVersion = "Xcode 14.0";
			developmentRegion = ko;
			hasScannedForEncodings = 0;
			knownRegions = (
				en,
				Base,
				ko,
			);
			mainGroup = 03962DC5291F781400A376F3;
			packageReferences = (
				035BF63829DDBDD00010398B /* XCRemoteSwiftPackageReference "swift-argument-parser" */,
				0379B1AA29E04DCB0044F997 /* XCRemoteSwiftPackageReference "youtube-ios-player-helper" */,
				0383C97329E3F39800A625EC /* XCRemoteSwiftPackageReference "SwiftSoup" */,
				03A0A1BF2A147C25000C5159 /* XCRemoteSwiftPackageReference "firebase-ios-sdk" */,
				030FF2D52CE7467E0033C269 /* XCRemoteSwiftPackageReference "vlckit-spm" */,
			);
			productRefGroup = 03962DCF291F781400A376F3 /* Products */;
			projectDirPath = "";
			projectRoot = "";
			targets = (
				03962DCD291F781400A376F3 /* NeotubeKaraoke */,
			);
		};
/* End PBXProject section */

/* Begin PBXResourcesBuildPhase section */
		03962DCC291F781400A376F3 /* Resources */ = {
			isa = PBXResourcesBuildPhase;
			buildActionMask = 2147483647;
			files = (
				03E399DE2B3D9E4A005879FB /* InfoPlist.xcstrings in Resources */,
				037D082029B719BC0069ED88 /* me.PNG in Resources */,
				036658EF2A651ADB001C5BB9 /* NeotubeKaraokeStoreKitConfiguration.storekit in Resources */,
				03A0A1C92A1481A8000C5159 /* GoogleService-Info.plist in Resources */,
				033C57F029D2DAC600340988 /* Localizables.strings in Resources */,
				0369980129D1CCBE00656D28 /* crowd.wav in Resources */,
				03CCE1912BAD8C3100BAF2B0 /* PrivacyInfo.xcprivacy in Resources */,
				033C57F129D2DAC600340988 /* Localizables.strings in Resources */,
				034EF01B2AFDD4C10085188C /* Localizable.xcstrings in Resources */,
				037D081829B4780B0069ED88 /* clap.wav in Resources */,
				03962DD9291F781500A376F3 /* Preview Assets.xcassets in Resources */,
				03962DD6291F781500A376F3 /* Assets.xcassets in Resources */,
			);
			runOnlyForDeploymentPostprocessing = 0;
		};
/* End PBXResourcesBuildPhase section */

/* Begin PBXShellScriptBuildPhase section */
		9EF188EF012C82BDC07782F5 /* [CP] Embed Pods Frameworks */ = {
			isa = PBXShellScriptBuildPhase;
			buildActionMask = 2147483647;
			files = (
			);
			inputFileListPaths = (
				"${PODS_ROOT}/Target Support Files/Pods-NeotubeKaraoke/Pods-NeotubeKaraoke-frameworks-${CONFIGURATION}-input-files.xcfilelist",
			);
			name = "[CP] Embed Pods Frameworks";
			outputFileListPaths = (
				"${PODS_ROOT}/Target Support Files/Pods-NeotubeKaraoke/Pods-NeotubeKaraoke-frameworks-${CONFIGURATION}-output-files.xcfilelist",
			);
			runOnlyForDeploymentPostprocessing = 0;
			shellPath = /bin/sh;
			shellScript = "\"${PODS_ROOT}/Target Support Files/Pods-NeotubeKaraoke/Pods-NeotubeKaraoke-frameworks.sh\"\n";
			showEnvVarsInLog = 0;
		};
		A1F646EB915FDC48A5DC3035 /* [CP] Check Pods Manifest.lock */ = {
			isa = PBXShellScriptBuildPhase;
			buildActionMask = 2147483647;
			files = (
			);
			inputFileListPaths = (
			);
			inputPaths = (
				"${PODS_PODFILE_DIR_PATH}/Podfile.lock",
				"${PODS_ROOT}/Manifest.lock",
			);
			name = "[CP] Check Pods Manifest.lock";
			outputFileListPaths = (
			);
			outputPaths = (
				"$(DERIVED_FILE_DIR)/Pods-NeotubeKaraoke-checkManifestLockResult.txt",
			);
			runOnlyForDeploymentPostprocessing = 0;
			shellPath = /bin/sh;
			shellScript = "diff \"${PODS_PODFILE_DIR_PATH}/Podfile.lock\" \"${PODS_ROOT}/Manifest.lock\" > /dev/null\nif [ $? != 0 ] ; then\n    # print error to STDERR\n    echo \"error: The sandbox is not in sync with the Podfile.lock. Run 'pod install' or update your CocoaPods installation.\" >&2\n    exit 1\nfi\n# This output is used by Xcode 'outputs' to avoid re-running this script phase.\necho \"SUCCESS\" > \"${SCRIPT_OUTPUT_FILE_0}\"\n";
			showEnvVarsInLog = 0;
		};
/* End PBXShellScriptBuildPhase section */

/* Begin PBXSourcesBuildPhase section */
		03962DCA291F781400A376F3 /* Sources */ = {
			isa = PBXSourcesBuildPhase;
			buildActionMask = 2147483647;
			files = (
				030FF2E32CE9C38E0033C269 /* VLCView.swift in Sources */,
				0324413F2A03A21D003C1300 /* Swipe.swift in Sources */,
				038B76E429EC0AAC0016522A /* EnvPlayer.swift in Sources */,
				0316559E295BAC5C00B18342 /* TableCell.swift in Sources */,
				03F36CC12963DE61001AEB7A /* Models.swift in Sources */,
				038B76E229EC09290016522A /* SceneDelegate.swift in Sources */,
				037D082229B724E60069ED88 /* PlayListView.swift in Sources */,
				03888F1A2BCBDB4900D73986 /* YTQuerySuggest.swift in Sources */,
				037DC47D2AD50EAC008D7281 /* yt_main.swift in Sources */,
				03CA4C8B29BDD13800507E26 /* ListView.swift in Sources */,
				037DC4852AD841B6008D7281 /* fortestView.swift in Sources */,
				037A998C2A02B0BB00A05065 /* FindingView.swift in Sources */,
				037DC4872AD8F410008D7281 /* InnerTube.swift in Sources */,
				037DC4832AD52420008D7281 /* Parse.swift in Sources */,
				0356F76D29A496F40005EE2D /* downloadManager.swift in Sources */,
				034744362999DFF800F2EBEE /* AudioManager.swift in Sources */,
				030FF2DD2CE8E6AE0033C269 /* VLCPlayerView.swift in Sources */,
				037DC4812AD511A8008D7281 /* Extract.swift in Sources */,
				0316559C295AAC6F00B18342 /* PlaceholderStyle.swift in Sources */,
				03962DEE2921C80500A376F3 /* ContentView.swift in Sources */,
				037A99902A02B11600A05065 /* PeerDevice.swift in Sources */,
				0397116029D9D38E005ADE0E /* HTMLParser.swift in Sources */,
				03962DDB291F781500A376F3 /* Persistence.swift in Sources */,
				0330C4E329A1B94000B3E6D3 /* VideoPlayers.swift in Sources */,
				03D22C6929A1E53C001D8B24 /* YoutubeDL.swift in Sources */,
				0383C97829E6662F00A625EC /* ScoreWavedata.swift in Sources */,
				0383C97229E3EAE800A625EC /* GetPopurlarChart.swift in Sources */,
				0337C0CC2972650D0069899A /* VideoPlay.swift in Sources */,
				035657FD29E8286D000227D9 /* ExternalDisplay.swift in Sources */,
				03B17CB12A71FF7B00FA7AAF /* MakeRefund.swift in Sources */,
				03C9B62F2A07987600BCA61A /* Pop.swift in Sources */,
				037DC47F2AD5107F008D7281 /* quary.swift in Sources */,
				03962DD2291F781400A376F3 /* NeotubeKaraokeApp.swift in Sources */,
				036EF0092955559E00789D57 /* Response.swift in Sources */,
				033C57F629D31DC400340988 /* GADInterstitialAd.swift in Sources */,
				032DE3E329AEDAC50097C58A /* videoClass.swift in Sources */,
				037D081A29B580290069ED88 /* DragVideo.swift in Sources */,
				030FF2E52CFA4A370033C269 /* Decipher.swift in Sources */,
				0361D55E2B39CA5C009C2C42 /* ManualView.swift in Sources */,
				03E30DFC2B388C64003EBC6B /* HapticManager.swift in Sources */,
				037A998E2A02B0EB00A05065 /* ConnectPeer.swift in Sources */,
				036658F12A6525E9001C5BB9 /* PurchaseManager.swift in Sources */,
				03AEE50229D5163C001B66E3 /* MyWebView.swift in Sources */,
				037D081C29B5861B0069ED88 /* DragVidProgress.swift in Sources */,
				036DDD9C29A9C3A000396B94 /* PlayerViewController.swift in Sources */,
				038B76E629EFE5150016522A /* TopChart.swift in Sources */,
				0379B1AE29E04E480044F997 /* YTWrapper.swift in Sources */,
				03D77A2F2935D4E80037061E /* Video.swift in Sources */,
				037DC4892AD92D5C008D7281 /* default_clients_response.swift in Sources */,
				030FF2E12CE982440033C269 /* vlcPlayerController.swift in Sources */,
				037D081E29B5D18A0069ED88 /* SettingView.swift in Sources */,
				03D77A2D2935D2290037061E /* Constant.swift in Sources */,
				030FF2DB2CE8E4F40033C269 /* vlcTest.swift in Sources */,
				03962DF029230D7D00A376F3 /* searcher.swift in Sources */,
				03962DDE291F781500A376F3 /* NeotubeKaraoke.xcdatamodeld in Sources */,
			);
			runOnlyForDeploymentPostprocessing = 0;
		};
/* End PBXSourcesBuildPhase section */

/* Begin PBXVariantGroup section */
		033C57EB29D2DAC600340988 /* Localizables.strings */ = {
			isa = PBXVariantGroup;
			children = (
				034EF0212AFDF0D10085188C /* en */,
			);
			name = Localizables.strings;
			sourceTree = "<group>";
		};
		033C57EE29D2DAC600340988 /* Localizables.strings */ = {
			isa = PBXVariantGroup;
			children = (
				034EF0202AFDF0D10085188C /* ko */,
			);
			name = Localizables.strings;
			sourceTree = "<group>";
		};
/* End PBXVariantGroup section */

/* Begin XCBuildConfiguration section */
		03962DE0291F781500A376F3 /* Debug */ = {
			isa = XCBuildConfiguration;
			buildSettings = {
				ALWAYS_SEARCH_USER_PATHS = NO;
				CLANG_ANALYZER_NONNULL = YES;
				CLANG_ANALYZER_NUMBER_OBJECT_CONVERSION = YES_AGGRESSIVE;
				CLANG_CXX_LANGUAGE_STANDARD = "gnu++20";
				CLANG_ENABLE_MODULES = YES;
				CLANG_ENABLE_OBJC_ARC = YES;
				CLANG_ENABLE_OBJC_WEAK = YES;
				CLANG_WARN_BLOCK_CAPTURE_AUTORELEASING = YES;
				CLANG_WARN_BOOL_CONVERSION = YES;
				CLANG_WARN_COMMA = YES;
				CLANG_WARN_CONSTANT_CONVERSION = YES;
				CLANG_WARN_DEPRECATED_OBJC_IMPLEMENTATIONS = YES;
				CLANG_WARN_DIRECT_OBJC_ISA_USAGE = YES_ERROR;
				CLANG_WARN_DOCUMENTATION_COMMENTS = YES;
				CLANG_WARN_EMPTY_BODY = YES;
				CLANG_WARN_ENUM_CONVERSION = YES;
				CLANG_WARN_INFINITE_RECURSION = YES;
				CLANG_WARN_INT_CONVERSION = YES;
				CLANG_WARN_NON_LITERAL_NULL_CONVERSION = YES;
				CLANG_WARN_OBJC_IMPLICIT_RETAIN_SELF = YES;
				CLANG_WARN_OBJC_LITERAL_CONVERSION = YES;
				CLANG_WARN_OBJC_ROOT_CLASS = YES_ERROR;
				CLANG_WARN_QUOTED_INCLUDE_IN_FRAMEWORK_HEADER = YES;
				CLANG_WARN_RANGE_LOOP_ANALYSIS = YES;
				CLANG_WARN_STRICT_PROTOTYPES = YES;
				CLANG_WARN_SUSPICIOUS_MOVE = YES;
				CLANG_WARN_UNGUARDED_AVAILABILITY = YES_AGGRESSIVE;
				CLANG_WARN_UNREACHABLE_CODE = YES;
				CLANG_WARN__DUPLICATE_METHOD_MATCH = YES;
				COPY_PHASE_STRIP = NO;
				DEBUG_INFORMATION_FORMAT = dwarf;
				ENABLE_STRICT_OBJC_MSGSEND = YES;
				ENABLE_TESTABILITY = YES;
				GCC_C_LANGUAGE_STANDARD = gnu11;
				GCC_DYNAMIC_NO_PIC = NO;
				GCC_NO_COMMON_BLOCKS = YES;
				GCC_OPTIMIZATION_LEVEL = 0;
				GCC_PREPROCESSOR_DEFINITIONS = (
					"DEBUG=1",
					"$(inherited)",
				);
				GCC_WARN_64_TO_32_BIT_CONVERSION = YES;
				GCC_WARN_ABOUT_RETURN_TYPE = YES_ERROR;
				GCC_WARN_UNDECLARED_SELECTOR = YES;
				GCC_WARN_UNINITIALIZED_AUTOS = YES_AGGRESSIVE;
				GCC_WARN_UNUSED_FUNCTION = YES;
				GCC_WARN_UNUSED_VARIABLE = YES;
				IPHONEOS_DEPLOYMENT_TARGET = 16.1;
				MTL_ENABLE_DEBUG_INFO = INCLUDE_SOURCE;
				MTL_FAST_MATH = YES;
				ONLY_ACTIVE_ARCH = YES;
				SDKROOT = iphoneos;
				SWIFT_ACTIVE_COMPILATION_CONDITIONS = DEBUG;
				SWIFT_OPTIMIZATION_LEVEL = "-Onone";
			};
			name = Debug;
		};
		03962DE1291F781500A376F3 /* Release */ = {
			isa = XCBuildConfiguration;
			buildSettings = {
				ALWAYS_SEARCH_USER_PATHS = NO;
				CLANG_ANALYZER_NONNULL = YES;
				CLANG_ANALYZER_NUMBER_OBJECT_CONVERSION = YES_AGGRESSIVE;
				CLANG_CXX_LANGUAGE_STANDARD = "gnu++20";
				CLANG_ENABLE_MODULES = YES;
				CLANG_ENABLE_OBJC_ARC = YES;
				CLANG_ENABLE_OBJC_WEAK = YES;
				CLANG_WARN_BLOCK_CAPTURE_AUTORELEASING = YES;
				CLANG_WARN_BOOL_CONVERSION = YES;
				CLANG_WARN_COMMA = YES;
				CLANG_WARN_CONSTANT_CONVERSION = YES;
				CLANG_WARN_DEPRECATED_OBJC_IMPLEMENTATIONS = YES;
				CLANG_WARN_DIRECT_OBJC_ISA_USAGE = YES_ERROR;
				CLANG_WARN_DOCUMENTATION_COMMENTS = YES;
				CLANG_WARN_EMPTY_BODY = YES;
				CLANG_WARN_ENUM_CONVERSION = YES;
				CLANG_WARN_INFINITE_RECURSION = YES;
				CLANG_WARN_INT_CONVERSION = YES;
				CLANG_WARN_NON_LITERAL_NULL_CONVERSION = YES;
				CLANG_WARN_OBJC_IMPLICIT_RETAIN_SELF = YES;
				CLANG_WARN_OBJC_LITERAL_CONVERSION = YES;
				CLANG_WARN_OBJC_ROOT_CLASS = YES_ERROR;
				CLANG_WARN_QUOTED_INCLUDE_IN_FRAMEWORK_HEADER = YES;
				CLANG_WARN_RANGE_LOOP_ANALYSIS = YES;
				CLANG_WARN_STRICT_PROTOTYPES = YES;
				CLANG_WARN_SUSPICIOUS_MOVE = YES;
				CLANG_WARN_UNGUARDED_AVAILABILITY = YES_AGGRESSIVE;
				CLANG_WARN_UNREACHABLE_CODE = YES;
				CLANG_WARN__DUPLICATE_METHOD_MATCH = YES;
				COPY_PHASE_STRIP = NO;
				DEBUG_INFORMATION_FORMAT = "dwarf-with-dsym";
				ENABLE_NS_ASSERTIONS = NO;
				ENABLE_STRICT_OBJC_MSGSEND = YES;
				GCC_C_LANGUAGE_STANDARD = gnu11;
				GCC_NO_COMMON_BLOCKS = YES;
				GCC_WARN_64_TO_32_BIT_CONVERSION = YES;
				GCC_WARN_ABOUT_RETURN_TYPE = YES_ERROR;
				GCC_WARN_UNDECLARED_SELECTOR = YES;
				GCC_WARN_UNINITIALIZED_AUTOS = YES_AGGRESSIVE;
				GCC_WARN_UNUSED_FUNCTION = YES;
				GCC_WARN_UNUSED_VARIABLE = YES;
				IPHONEOS_DEPLOYMENT_TARGET = 16.1;
				MTL_ENABLE_DEBUG_INFO = NO;
				MTL_FAST_MATH = YES;
				SDKROOT = iphoneos;
				SWIFT_COMPILATION_MODE = wholemodule;
				SWIFT_OPTIMIZATION_LEVEL = "-O";
				VALIDATE_PRODUCT = YES;
			};
			name = Release;
		};
		03962DE3291F781500A376F3 /* Debug */ = {
			isa = XCBuildConfiguration;
			baseConfigurationReference = 51DAB10F11134AAEEB85A799 /* Pods-NeotubeKaraoke.debug.xcconfig */;
			buildSettings = {
				ALWAYS_EMBED_SWIFT_STANDARD_LIBRARIES = YES;
				ASSETCATALOG_COMPILER_APPICON_NAME = AppIcon;
				ASSETCATALOG_COMPILER_GLOBAL_ACCENT_COLOR_NAME = AccentColor;
				ASSETCATALOG_COMPILER_INCLUDE_ALL_APPICON_ASSETS = YES;
				CODE_SIGN_STYLE = Automatic;
				CURRENT_PROJECT_VERSION = 1;
				DEVELOPMENT_ASSET_PATHS = "\"NeotubeKaraoke/Preview Content\"";
				DEVELOPMENT_TEAM = CRJ3674QVG;
				ENABLE_PREVIEWS = YES;
				EXCLUDED_ARCHS = "";
				GENERATE_INFOPLIST_FILE = YES;
				INFOPLIST_FILE = NeotubeKaraoke/Info.plist;
				INFOPLIST_KEY_LSApplicationCategoryType = "public.app-category.music";
				INFOPLIST_KEY_NSLocalNetworkUsageDescription = "Needed for connecting devicces to reservation.";
				INFOPLIST_KEY_NSMicrophoneUsageDescription = "This is need for karaoke scoring.";
				INFOPLIST_KEY_UIApplicationSupportsIndirectInputEvents = YES;
				INFOPLIST_KEY_UISupportedInterfaceOrientations = "UIInterfaceOrientationLandscapeLeft UIInterfaceOrientationLandscapeRight UIInterfaceOrientationPortrait";
				INFOPLIST_KEY_UISupportedInterfaceOrientations_iPad = "UIInterfaceOrientationLandscapeLeft UIInterfaceOrientationLandscapeRight UIInterfaceOrientationPortrait UIInterfaceOrientationPortraitUpsideDown";
				LD_RUNPATH_SEARCH_PATHS = (
					"$(inherited)",
					"@executable_path/Frameworks",
				);
				MARKETING_VERSION = 1.3.0;
				ONLY_ACTIVE_ARCH = YES;
				PRODUCT_BUNDLE_IDENTIFIER = com.Dazabamuker.NeotubeKaraoke;
				PRODUCT_NAME = "$(TARGET_NAME)";
				SUPPORTED_PLATFORMS = "iphoneos iphonesimulator";
				SUPPORTS_MACCATALYST = NO;
				SUPPORTS_MAC_DESIGNED_FOR_IPHONE_IPAD = YES;
				SWIFT_EMIT_LOC_STRINGS = YES;
				SWIFT_VERSION = 5.0;
				TARGETED_DEVICE_FAMILY = "1,2";
			};
			name = Debug;
		};
		03962DE4291F781500A376F3 /* Release */ = {
			isa = XCBuildConfiguration;
			baseConfigurationReference = 33DD4112FD9FB9295E643CD6 /* Pods-NeotubeKaraoke.release.xcconfig */;
			buildSettings = {
				ALWAYS_EMBED_SWIFT_STANDARD_LIBRARIES = YES;
				ASSETCATALOG_COMPILER_APPICON_NAME = AppIcon;
				ASSETCATALOG_COMPILER_GLOBAL_ACCENT_COLOR_NAME = AccentColor;
				ASSETCATALOG_COMPILER_INCLUDE_ALL_APPICON_ASSETS = YES;
				CODE_SIGN_STYLE = Automatic;
				CURRENT_PROJECT_VERSION = 1;
				DEVELOPMENT_ASSET_PATHS = "\"NeotubeKaraoke/Preview Content\"";
				DEVELOPMENT_TEAM = CRJ3674QVG;
				ENABLE_PREVIEWS = YES;
				GENERATE_INFOPLIST_FILE = YES;
				INFOPLIST_FILE = NeotubeKaraoke/Info.plist;
				"INFOPLIST_KEY_CFBundleDisplayName[sdk=*]" = "너튜브 노래방";
				INFOPLIST_KEY_LSApplicationCategoryType = "public.app-category.music";
				INFOPLIST_KEY_NSLocalNetworkUsageDescription = "Needed for connecting devicces to reservation.";
				INFOPLIST_KEY_NSMicrophoneUsageDescription = "This is need for karaoke scoring.";
				INFOPLIST_KEY_UIApplicationSupportsIndirectInputEvents = YES;
				INFOPLIST_KEY_UISupportedInterfaceOrientations = "UIInterfaceOrientationLandscapeLeft UIInterfaceOrientationLandscapeRight UIInterfaceOrientationPortrait";
				INFOPLIST_KEY_UISupportedInterfaceOrientations_iPad = "UIInterfaceOrientationLandscapeLeft UIInterfaceOrientationLandscapeRight UIInterfaceOrientationPortrait UIInterfaceOrientationPortraitUpsideDown";
				LD_RUNPATH_SEARCH_PATHS = (
					"$(inherited)",
					"@executable_path/Frameworks",
				);
				MARKETING_VERSION = 1.3.0;
				ONLY_ACTIVE_ARCH = YES;
				PRODUCT_BUNDLE_IDENTIFIER = com.Dazabamuker.NeotubeKaraoke;
				PRODUCT_NAME = "$(TARGET_NAME)";
				SUPPORTED_PLATFORMS = "iphoneos iphonesimulator";
				SUPPORTS_MACCATALYST = NO;
				SUPPORTS_MAC_DESIGNED_FOR_IPHONE_IPAD = YES;
				SWIFT_EMIT_LOC_STRINGS = YES;
				SWIFT_OPTIMIZATION_LEVEL = "-Onone";
				SWIFT_VERSION = 5.0;
				TARGETED_DEVICE_FAMILY = "1,2";
			};
			name = Release;
		};
/* End XCBuildConfiguration section */

/* Begin XCConfigurationList section */
		03962DC9291F781400A376F3 /* Build configuration list for PBXProject "NeotubeKaraoke" */ = {
			isa = XCConfigurationList;
			buildConfigurations = (
				03962DE0291F781500A376F3 /* Debug */,
				03962DE1291F781500A376F3 /* Release */,
			);
			defaultConfigurationIsVisible = 0;
			defaultConfigurationName = Release;
		};
		03962DE2291F781500A376F3 /* Build configuration list for PBXNativeTarget "NeotubeKaraoke" */ = {
			isa = XCConfigurationList;
			buildConfigurations = (
				03962DE3291F781500A376F3 /* Debug */,
				03962DE4291F781500A376F3 /* Release */,
			);
			defaultConfigurationIsVisible = 0;
			defaultConfigurationName = Release;
		};
/* End XCConfigurationList section */

/* Begin XCRemoteSwiftPackageReference section */
		030FF2D52CE7467E0033C269 /* XCRemoteSwiftPackageReference "vlckit-spm" */ = {
			isa = XCRemoteSwiftPackageReference;
			repositoryURL = "https://github.com/tylerjonesio/vlckit-spm";
			requirement = {
				branch = main;
				kind = branch;
			};
		};
		035BF63829DDBDD00010398B /* XCRemoteSwiftPackageReference "swift-argument-parser" */ = {
			isa = XCRemoteSwiftPackageReference;
			repositoryURL = "https://github.com/apple/swift-argument-parser.git";
			requirement = {
				kind = exactVersion;
				version = 0.5.0;
			};
		};
		0379B1AA29E04DCB0044F997 /* XCRemoteSwiftPackageReference "youtube-ios-player-helper" */ = {
			isa = XCRemoteSwiftPackageReference;
			repositoryURL = "https://github.com/youtube/youtube-ios-player-helper.git";
			requirement = {
				kind = upToNextMajorVersion;
				minimumVersion = 1.0.0;
			};
		};
		0383C97329E3F39800A625EC /* XCRemoteSwiftPackageReference "SwiftSoup" */ = {
			isa = XCRemoteSwiftPackageReference;
			repositoryURL = "https://github.com/scinfu/SwiftSoup.git";
			requirement = {
				kind = upToNextMajorVersion;
				minimumVersion = 2.0.0;
			};
		};
		03A0A1BF2A147C25000C5159 /* XCRemoteSwiftPackageReference "firebase-ios-sdk" */ = {
			isa = XCRemoteSwiftPackageReference;
			repositoryURL = "https://github.com/firebase/firebase-ios-sdk";
			requirement = {
				kind = upToNextMajorVersion;
				minimumVersion = 9.0.0;
			};
		};
/* End XCRemoteSwiftPackageReference section */

/* Begin XCSwiftPackageProductDependency section */
		030FF2D62CE7467E0033C269 /* VLCKitSPM */ = {
			isa = XCSwiftPackageProductDependency;
			package = 030FF2D52CE7467E0033C269 /* XCRemoteSwiftPackageReference "vlckit-spm" */;
			productName = VLCKitSPM;
		};
		035BF63929DDBDD00010398B /* ArgumentParser */ = {
			isa = XCSwiftPackageProductDependency;
			package = 035BF63829DDBDD00010398B /* XCRemoteSwiftPackageReference "swift-argument-parser" */;
			productName = ArgumentParser;
		};
		0379B1AB29E04DCB0044F997 /* YouTubeiOSPlayerHelper */ = {
			isa = XCSwiftPackageProductDependency;
			package = 0379B1AA29E04DCB0044F997 /* XCRemoteSwiftPackageReference "youtube-ios-player-helper" */;
			productName = YouTubeiOSPlayerHelper;
		};
		0383C97429E3F39800A625EC /* SwiftSoup */ = {
			isa = XCSwiftPackageProductDependency;
			package = 0383C97329E3F39800A625EC /* XCRemoteSwiftPackageReference "SwiftSoup" */;
			productName = SwiftSoup;
		};
/* End XCSwiftPackageProductDependency section */

/* Begin XCVersionGroup section */
		03962DDC291F781500A376F3 /* NeotubeKaraoke.xcdatamodeld */ = {
			isa = XCVersionGroup;
			children = (
				03962DDD291F781500A376F3 /* NeotubeKaraoke.xcdatamodel */,
			);
			currentVersion = 03962DDD291F781500A376F3 /* NeotubeKaraoke.xcdatamodel */;
			path = NeotubeKaraoke.xcdatamodeld;
			sourceTree = "<group>";
			versionGroupType = wrapper.xcdatamodel;
		};
/* End XCVersionGroup section */
	};
	rootObject = 03962DC6291F781400A376F3 /* Project object */;
}
